
Microsoft Visual Studio Solution File, Format Version 12.00
# Visual Studio Version 17
VisualStudioVersion = 17.4.33213.308
MinimumVisualStudioVersion = 10.0.40219.1
Project("{FAE04EC0-301F-11D3-BF4B-00C04F79EFBC}") = "Comment", "Comment\Comment.csproj", "{4C91A3E4-CA97-4C88-9D41-609F66A6A4D1}"
EndProject
Global
	GlobalSection(SolutionConfigurationPlatforms) = preSolution
		Debug|Any CPU = Debug|Any CPU
		Release|Any CPU = Release|Any CPU
	EndGlobalSection
	GlobalSection(ProjectConfigurationPlatforms) = postSolution
		{4C91A3E4-CA97-4C88-9D41-609F66A6A4D1}.Debug|Any CPU.ActiveCfg = Debug|Any CPU
		{4C91A3E4-CA97-4C88-9D41-609F66A6A4D1}.Debug|Any CPU.Build.0 = Debug|Any CPU
		{4C91A3E4-CA97-4C88-9D41-609F66A6A4D1}.Release|Any CPU.ActiveCfg = Release|Any CPU
		{4C91A3E4-CA97-4C88-9D41-609F66A6A4D1}.Release|Any CPU.Build.0 = Release|Any CPU
	EndGlobalSection
	GlobalSection(SolutionProperties) = preSolution
		HideSolutionNode = FALSE
	EndGlobalSection
	GlobalSection(ExtensibilityGlobals) = postSolution
		SolutionGuid = {88F2F2C0-5FC9-46FE-B96F-FCA86EA37048}
	EndGlobalSection
EndGlobal
