
Microsoft Visual Studio Solution File, Format Version 12.00
# Visual Studio Version 17
VisualStudioVersion = 17.4.33213.308
MinimumVisualStudioVersion = 10.0.40219.1
Project("{FAE04EC0-301F-11D3-BF4B-00C04F79EFBC}") = "assign_value", "assign_value\assign_value.csproj", "{8F65F44F-B90C-4505-BB03-E0BEFBA6F0BB}"
EndProject
Global
	GlobalSection(SolutionConfigurationPlatforms) = preSolution
		Debug|Any CPU = Debug|Any CPU
		Release|Any CPU = Release|Any CPU
	EndGlobalSection
	GlobalSection(ProjectConfigurationPlatforms) = postSolution
		{8F65F44F-B90C-4505-BB03-E0BEFBA6F0BB}.Debug|Any CPU.ActiveCfg = Debug|Any CPU
		{8F65F44F-B90C-4505-BB03-E0BEFBA6F0BB}.Debug|Any CPU.Build.0 = Debug|Any CPU
		{8F65F44F-B90C-4505-BB03-E0BEFBA6F0BB}.Release|Any CPU.ActiveCfg = Release|Any CPU
		{8F65F44F-B90C-4505-BB03-E0BEFBA6F0BB}.Release|Any CPU.Build.0 = Release|Any CPU
	EndGlobalSection
	GlobalSection(SolutionProperties) = preSolution
		HideSolutionNode = FALSE
	EndGlobalSection
	GlobalSection(ExtensibilityGlobals) = postSolution
		SolutionGuid = {33BF2E15-6EA9-4C51-BD83-4F186C941011}
	EndGlobalSection
EndGlobal
