
Microsoft Visual Studio Solution File, Format Version 12.00
# Visual Studio Version 17
VisualStudioVersion = 17.4.33213.308
MinimumVisualStudioVersion = 10.0.40219.1
Project("{FAE04EC0-301F-11D3-BF4B-00C04F79EFBC}") = "Helloworld", "Helloworld\Helloworld.csproj", "{68ADC2A8-C839-4672-A811-E53E1D008F62}"
EndProject
Global
	GlobalSection(SolutionConfigurationPlatforms) = preSolution
		Debug|Any CPU = Debug|Any CPU
		Release|Any CPU = Release|Any CPU
	EndGlobalSection
	GlobalSection(ProjectConfigurationPlatforms) = postSolution
		{68ADC2A8-C839-4672-A811-E53E1D008F62}.Debug|Any CPU.ActiveCfg = Debug|Any CPU
		{68ADC2A8-C839-4672-A811-E53E1D008F62}.Debug|Any CPU.Build.0 = Debug|Any CPU
		{68ADC2A8-C839-4672-A811-E53E1D008F62}.Release|Any CPU.ActiveCfg = Release|Any CPU
		{68ADC2A8-C839-4672-A811-E53E1D008F62}.Release|Any CPU.Build.0 = Release|Any CPU
	EndGlobalSection
	GlobalSection(SolutionProperties) = preSolution
		HideSolutionNode = FALSE
	EndGlobalSection
	GlobalSection(ExtensibilityGlobals) = postSolution
		SolutionGuid = {AA714401-E73D-49FA-88E1-5FF7D2507F9B}
	EndGlobalSection
EndGlobal
