
Microsoft Visual Studio Solution File, Format Version 12.00
# Visual Studio Version 17
VisualStudioVersion = 17.4.33213.308
MinimumVisualStudioVersion = 10.0.40219.1
Project("{FAE04EC0-301F-11D3-BF4B-00C04F79EFBC}") = "Concatenation", "Concatenation\Concatenation.csproj", "{BF550121-30A1-49DF-BC91-E1C7F37BB288}"
EndProject
Global
	GlobalSection(SolutionConfigurationPlatforms) = preSolution
		Debug|Any CPU = Debug|Any CPU
		Release|Any CPU = Release|Any CPU
	EndGlobalSection
	GlobalSection(ProjectConfigurationPlatforms) = postSolution
		{BF550121-30A1-49DF-BC91-E1C7F37BB288}.Debug|Any CPU.ActiveCfg = Debug|Any CPU
		{BF550121-30A1-49DF-BC91-E1C7F37BB288}.Debug|Any CPU.Build.0 = Debug|Any CPU
		{BF550121-30A1-49DF-BC91-E1C7F37BB288}.Release|Any CPU.ActiveCfg = Release|Any CPU
		{BF550121-30A1-49DF-BC91-E1C7F37BB288}.Release|Any CPU.Build.0 = Release|Any CPU
	EndGlobalSection
	GlobalSection(SolutionProperties) = preSolution
		HideSolutionNode = FALSE
	EndGlobalSection
	GlobalSection(ExtensibilityGlobals) = postSolution
		SolutionGuid = {CEABA861-47C1-4DB4-B38D-48BB2038884D}
	EndGlobalSection
EndGlobal
