
Microsoft Visual Studio Solution File, Format Version 12.00
# Visual Studio Version 17
VisualStudioVersion = 17.4.33213.308
MinimumVisualStudioVersion = 10.0.40219.1
Project("{FAE04EC0-301F-11D3-BF4B-00C04F79EFBC}") = "comparison", "comparison\comparison.csproj", "{440B5717-3B3A-46A8-9CAD-D48A548E8F7F}"
EndProject
Global
	GlobalSection(SolutionConfigurationPlatforms) = preSolution
		Debug|Any CPU = Debug|Any CPU
		Release|Any CPU = Release|Any CPU
	EndGlobalSection
	GlobalSection(ProjectConfigurationPlatforms) = postSolution
		{440B5717-3B3A-46A8-9CAD-D48A548E8F7F}.Debug|Any CPU.ActiveCfg = Debug|Any CPU
		{440B5717-3B3A-46A8-9CAD-D48A548E8F7F}.Debug|Any CPU.Build.0 = Debug|Any CPU
		{440B5717-3B3A-46A8-9CAD-D48A548E8F7F}.Release|Any CPU.ActiveCfg = Release|Any CPU
		{440B5717-3B3A-46A8-9CAD-D48A548E8F7F}.Release|Any CPU.Build.0 = Release|Any CPU
	EndGlobalSection
	GlobalSection(SolutionProperties) = preSolution
		HideSolutionNode = FALSE
	EndGlobalSection
	GlobalSection(ExtensibilityGlobals) = postSolution
		SolutionGuid = {3B33EE1C-137C-4BC4-B677-2AEDBCC86519}
	EndGlobalSection
EndGlobal
